{
  "name": "ember-mobile-inputs",
  "version": "3.3.2",
  "lockfileVersion": 1,
  "requires": true,
  "dependencies": {
    "flatpickr": {
      "version": "4.5.7",
      "resolved": "https://registry.npmjs.org/flatpickr/-/flatpickr-4.5.7.tgz",
      "integrity": "sha512-JqPfihUc9A/j9QAsh6otoARmMyUauPE17vRBEG+ThJwbl8zAq4ssGpxlPK3wWM/i8EFxkHg9UuVo0ds7XluKxw=="
    }
  }
}
